
Microsoft Visual Studio Solution File, Format Version 12.00
# Visual Studio 2013
VisualStudioVersion = 12.0.21005.1
MinimumVisualStudioVersion = 10.0.40219.1
Project("{FAE04EC0-301F-11D3-BF4B-00C04F79EFBC}") = "SportsStore", "SportsStore\SportsStore.csproj", "{1FB826FF-3809-491B-88FB-C3CA424A392E}"
EndProject
Project("{FAE04EC0-301F-11D3-BF4B-00C04F79EFBC}") = "SportsStore.Domain", "SportsStore.Domain\SportsStore.Domain.csproj", "{A291661C-EBCE-4A84-9972-724411AF51FA}"
EndProject
Global
	GlobalSection(SolutionConfigurationPlatforms) = preSolution
		Debug|Any CPU = Debug|Any CPU
		Release|Any CPU = Release|Any CPU
	EndGlobalSection
	GlobalSection(ProjectConfigurationPlatforms) = postSolution
		{1FB826FF-3809-491B-88FB-C3CA424A392E}.Debug|Any CPU.ActiveCfg = Debug|Any CPU
		{1FB826FF-3809-491B-88FB-C3CA424A392E}.Debug|Any CPU.Build.0 = Debug|Any CPU
		{1FB826FF-3809-491B-88FB-C3CA424A392E}.Release|Any CPU.ActiveCfg = Release|Any CPU
		{1FB826FF-3809-491B-88FB-C3CA424A392E}.Release|Any CPU.Build.0 = Release|Any CPU
		{A291661C-EBCE-4A84-9972-724411AF51FA}.Debug|Any CPU.ActiveCfg = Debug|Any CPU
		{A291661C-EBCE-4A84-9972-724411AF51FA}.Debug|Any CPU.Build.0 = Debug|Any CPU
		{A291661C-EBCE-4A84-9972-724411AF51FA}.Release|Any CPU.ActiveCfg = Release|Any CPU
		{A291661C-EBCE-4A84-9972-724411AF51FA}.Release|Any CPU.Build.0 = Release|Any CPU
	EndGlobalSection
	GlobalSection(SolutionProperties) = preSolution
		HideSolutionNode = FALSE
	EndGlobalSection
EndGlobal
